// !$*UTF8*$!
{
	archiveVersion = 1;
	classes = {
	};
	objectVersion = 46;
	objects = {

/* Begin PBXBuildFile section */
		94546C762017B66100FC49E8 /* ItemResponse.swift in Sources */ = {isa = PBXBuildFile; fileRef = 94546C752017B66100FC49E8 /* ItemResponse.swift */; };
		94546C7A2017C1CE00FC49E8 /* Constants.swift in Sources */ = {isa = PBXBuildFile; fileRef = 94546C792017C1CE00FC49E8 /* Constants.swift */; };
		94546C7C2017C2B200FC49E8 /* Item.swift in Sources */ = {isa = PBXBuildFile; fileRef = 94546C7B2017C2B200FC49E8 /* Item.swift */; };
		94546C7E2017C45C00FC49E8 /* Batters.swift in Sources */ = {isa = PBXBuildFile; fileRef = 94546C7D2017C45C00FC49E8 /* Batters.swift */; };
		94546C802017C46C00FC49E8 /* Batter.swift in Sources */ = {isa = PBXBuildFile; fileRef = 94546C7F2017C46C00FC49E8 /* Batter.swift */; };
		94AB2D6B20115C930004AFC3 /* AppDelegate.swift in Sources */ = {isa = PBXBuildFile; fileRef = 94AB2D6A20115C930004AFC3 /* AppDelegate.swift */; };
		94AB2D6D20115C930004AFC3 /* ViewController.swift in Sources */ = {isa = PBXBuildFile; fileRef = 94AB2D6C20115C930004AFC3 /* ViewController.swift */; };
		94AB2D7020115C930004AFC3 /* Main.storyboard in Resources */ = {isa = PBXBuildFile; fileRef = 94AB2D6E20115C930004AFC3 /* Main.storyboard */; };
		94AB2D7220115C930004AFC3 /* Assets.xcassets in Resources */ = {isa = PBXBuildFile; fileRef = 94AB2D7120115C930004AFC3 /* Assets.xcassets */; };
		94AB2D7520115C930004AFC3 /* LaunchScreen.storyboard in Resources */ = {isa = PBXBuildFile; fileRef = 94AB2D7320115C930004AFC3 /* LaunchScreen.storyboard */; };
		94AB2D7D20115D410004AFC3 /* ComplexJSON.json in Resources */ = {isa = PBXBuildFile; fileRef = 94AB2D7C20115D410004AFC3 /* ComplexJSON.json */; };
		94AB2D81201161150004AFC3 /* DataService.swift in Sources */ = {isa = PBXBuildFile; fileRef = 94AB2D80201161150004AFC3 /* DataService.swift */; };
/* End PBXBuildFile section */

/* Begin PBXFileReference section */
		94546C752017B66100FC49E8 /* ItemResponse.swift */ = {isa = PBXFileReference; fileEncoding = 4; lastKnownFileType = sourcecode.swift; path = ItemResponse.swift; sourceTree = "<group>"; };
		94546C792017C1CE00FC49E8 /* Constants.swift */ = {isa = PBXFileReference; fileEncoding = 4; lastKnownFileType = sourcecode.swift; path = Constants.swift; sourceTree = "<group>"; };
		94546C7B2017C2B200FC49E8 /* Item.swift */ = {isa = PBXFileReference; fileEncoding = 4; lastKnownFileType = sourcecode.swift; path = Item.swift; sourceTree = "<group>"; };
		94546C7D2017C45C00FC49E8 /* Batters.swift */ = {isa = PBXFileReference; fileEncoding = 4; lastKnownFileType = sourcecode.swift; path = Batters.swift; sourceTree = "<group>"; };
		94546C7F2017C46C00FC49E8 /* Batter.swift */ = {isa = PBXFileReference; fileEncoding = 4; lastKnownFileType = sourcecode.swift; path = Batter.swift; sourceTree = "<group>"; };
		94AB2D6720115C930004AFC3 /* ParsingComplexJSON.app */ = {isa = PBXFileReference; explicitFileType = wrapper.application; includeInIndex = 0; path = ParsingComplexJSON.app; sourceTree = BUILT_PRODUCTS_DIR; };
		94AB2D6A20115C930004AFC3 /* AppDelegate.swift */ = {isa = PBXFileReference; lastKnownFileType = sourcecode.swift; path = AppDelegate.swift; sourceTree = "<group>"; };
		94AB2D6C20115C930004AFC3 /* ViewController.swift */ = {isa = PBXFileReference; lastKnownFileType = sourcecode.swift; path = ViewController.swift; sourceTree = "<group>"; };
		94AB2D6F20115C930004AFC3 /* Base */ = {isa = PBXFileReference; lastKnownFileType = file.storyboard; name = Base; path = Base.lproj/Main.storyboard; sourceTree = "<group>"; };
		94AB2D7120115C930004AFC3 /* Assets.xcassets */ = {isa = PBXFileReference; lastKnownFileType = folder.assetcatalog; path = Assets.xcassets; sourceTree = "<group>"; };
		94AB2D7420115C930004AFC3 /* Base */ = {isa = PBXFileReference; lastKnownFileType = file.storyboard; name = Base; path = Base.lproj/LaunchScreen.storyboard; sourceTree = "<group>"; };
		94AB2D7620115C930004AFC3 /* Info.plist */ = {isa = PBXFileReference; lastKnownFileType = text.plist.xml; path = Info.plist; sourceTree = "<group>"; };
		94AB2D7C20115D410004AFC3 /* ComplexJSON.json */ = {isa = PBXFileReference; fileEncoding = 4; lastKnownFileType = text.json; path = ComplexJSON.json; sourceTree = "<group>"; };
		94AB2D80201161150004AFC3 /* DataService.swift */ = {isa = PBXFileReference; fileEncoding = 4; lastKnownFileType = sourcecode.swift; path = DataService.swift; sourceTree = "<group>"; };
/* End PBXFileReference section */

/* Begin PBXFrameworksBuildPhase section */
		94AB2D6420115C920004AFC3 /* Frameworks */ = {
			isa = PBXFrameworksBuildPhase;
			buildActionMask = 2147483647;
			files = (
			);
			runOnlyForDeploymentPostprocessing = 0;
		};
/* End PBXFrameworksBuildPhase section */

/* Begin PBXGroup section */
		94546C742017B64100FC49E8 /* Model */ = {
			isa = PBXGroup;
			children = (
				94546C752017B66100FC49E8 /* ItemResponse.swift */,
				94546C7B2017C2B200FC49E8 /* Item.swift */,
				94546C7D2017C45C00FC49E8 /* Batters.swift */,
				94546C7F2017C46C00FC49E8 /* Batter.swift */,
			);
			name = Model;
			sourceTree = "<group>";
		};
		94546C782017C1AD00FC49E8 /* Constants */ = {
			isa = PBXGroup;
			children = (
				94546C792017C1CE00FC49E8 /* Constants.swift */,
			);
			name = Constants;
			sourceTree = "<group>";
		};
		94AB2D5E20115C920004AFC3 = {
			isa = PBXGroup;
			children = (
				94AB2D6920115C930004AFC3 /* ParsingComplexJSON */,
				94AB2D6820115C930004AFC3 /* Products */,
			);
			sourceTree = "<group>";
		};
		94AB2D6820115C930004AFC3 /* Products */ = {
			isa = PBXGroup;
			children = (
				94AB2D6720115C930004AFC3 /* ParsingComplexJSON.app */,
			);
			name = Products;
			sourceTree = "<group>";
		};
		94AB2D6920115C930004AFC3 /* ParsingComplexJSON */ = {
			isa = PBXGroup;
			children = (
				94AB2D6A20115C930004AFC3 /* AppDelegate.swift */,
				94546C742017B64100FC49E8 /* Model */,
				94AB2D82201161410004AFC3 /* Controller */,
				94AB2D7F201160F30004AFC3 /* Data Service */,
				94AB2D7E201160E50004AFC3 /* Utilities */,
				94AB2D6E20115C930004AFC3 /* Main.storyboard */,
				94AB2D7320115C930004AFC3 /* LaunchScreen.storyboard */,
				94AB2D7120115C930004AFC3 /* Assets.xcassets */,
				94AB2D7620115C930004AFC3 /* Info.plist */,
			);
			path = ParsingComplexJSON;
			sourceTree = "<group>";
		};
		94AB2D7E201160E50004AFC3 /* Utilities */ = {
			isa = PBXGroup;
			children = (
				94AB2D7C20115D410004AFC3 /* ComplexJSON.json */,
				94546C782017C1AD00FC49E8 /* Constants */,
			);
			name = Utilities;
			sourceTree = "<group>";
		};
		94AB2D7F201160F30004AFC3 /* Data Service */ = {
			isa = PBXGroup;
			children = (
				94AB2D80201161150004AFC3 /* DataService.swift */,
			);
			name = "Data Service";
			sourceTree = "<group>";
		};
		94AB2D82201161410004AFC3 /* Controller */ = {
			isa = PBXGroup;
			children = (
				94AB2D6C20115C930004AFC3 /* ViewController.swift */,
			);
			name = Controller;
			sourceTree = "<group>";
		};
/* End PBXGroup section */

/* Begin PBXNativeTarget section */
		94AB2D6620115C920004AFC3 /* ParsingComplexJSON */ = {
			isa = PBXNativeTarget;
			buildConfigurationList = 94AB2D7920115C930004AFC3 /* Build configuration list for PBXNativeTarget "ParsingComplexJSON" */;
			buildPhases = (
				94AB2D6320115C920004AFC3 /* Sources */,
				94AB2D6420115C920004AFC3 /* Frameworks */,
				94AB2D6520115C920004AFC3 /* Resources */,
			);
			buildRules = (
			);
			dependencies = (
			);
			name = ParsingComplexJSON;
			productName = ParsingComplexJSON;
			productReference = 94AB2D6720115C930004AFC3 /* ParsingComplexJSON.app */;
			productType = "com.apple.product-type.application";
		};
/* End PBXNativeTarget section */

/* Begin PBXProject section */
		94AB2D5F20115C920004AFC3 /* Project object */ = {
			isa = PBXProject;
			attributes = {
				LastSwiftUpdateCheck = 0820;
				LastUpgradeCheck = 0820;
				ORGANIZATIONNAME = "Chaudhary Himanshu Raj";
				TargetAttributes = {
					94AB2D6620115C920004AFC3 = {
						CreatedOnToolsVersion = 8.2;
						DevelopmentTeam = F3STVUX4CB;
						ProvisioningStyle = Automatic;
					};
				};
			};
			buildConfigurationList = 94AB2D6220115C920004AFC3 /* Build configuration list for PBXProject "ParsingComplexJSON" */;
			compatibilityVersion = "Xcode 3.2";
			developmentRegion = English;
			hasScannedForEncodings = 0;
			knownRegions = (
				en,
				Base,
			);
			mainGroup = 94AB2D5E20115C920004AFC3;
			productRefGroup = 94AB2D6820115C930004AFC3 /* Products */;
			projectDirPath = "";
			projectRoot = "";
			targets = (
				94AB2D6620115C920004AFC3 /* ParsingComplexJSON */,
			);
		};
/* End PBXProject section */

/* Begin PBXResourcesBuildPhase section */
		94AB2D6520115C920004AFC3 /* Resources */ = {
			isa = PBXResourcesBuildPhase;
			buildActionMask = 2147483647;
			files = (
				94AB2D7520115C930004AFC3 /* LaunchScreen.storyboard in Resources */,
				94AB2D7220115C930004AFC3 /* Assets.xcassets in Resources */,
				94AB2D7D20115D410004AFC3 /* ComplexJSON.json in Resources */,
				94AB2D7020115C930004AFC3 /* Main.storyboard in Resources */,
			);
			runOnlyForDeploymentPostprocessing = 0;
		};
/* End PBXResourcesBuildPhase section */

/* Begin PBXSourcesBuildPhase section */
		94AB2D6320115C920004AFC3 /* Sources */ = {
			isa = PBXSourcesBuildPhase;
			buildActionMask = 2147483647;
			files = (
				94546C7A2017C1CE00FC49E8 /* Constants.swift in Sources */,
				94546C802017C46C00FC49E8 /* Batter.swift in Sources */,
				94AB2D81201161150004AFC3 /* DataService.swift in Sources */,
				94AB2D6D20115C930004AFC3 /* ViewController.swift in Sources */,
				94AB2D6B20115C930004AFC3 /* AppDelegate.swift in Sources */,
				94546C7E2017C45C00FC49E8 /* Batters.swift in Sources */,
				94546C7C2017C2B200FC49E8 /* Item.swift in Sources */,
				94546C762017B66100FC49E8 /* ItemResponse.swift in Sources */,
			);
			runOnlyForDeploymentPostprocessing = 0;
		};
/* End PBXSourcesBuildPhase section */

/* Begin PBXVariantGroup section */
		94AB2D6E20115C930004AFC3 /* Main.storyboard */ = {
			isa = PBXVariantGroup;
			children = (
				94AB2D6F20115C930004AFC3 /* Base */,
			);
			name = Main.storyboard;
			sourceTree = "<group>";
		};
		94AB2D7320115C930004AFC3 /* LaunchScreen.storyboard */ = {
			isa = PBXVariantGroup;
			children = (
				94AB2D7420115C930004AFC3 /* Base */,
			);
			name = LaunchScreen.storyboard;
			sourceTree = "<group>";
		};
/* End PBXVariantGroup section */

/* Begin XCBuildConfiguration section */
		94AB2D7720115C930004AFC3 /* Debug */ = {
			isa = XCBuildConfiguration;
			buildSettings = {
				ALWAYS_SEARCH_USER_PATHS = NO;
				CLANG_ANALYZER_NONNULL = YES;
				CLANG_CXX_LANGUAGE_STANDARD = "gnu++0x";
				CLANG_CXX_LIBRARY = "libc++";
				CLANG_ENABLE_MODULES = YES;
				CLANG_ENABLE_OBJC_ARC = YES;
				CLANG_WARN_BOOL_CONVERSION = YES;
				CLANG_WARN_CONSTANT_CONVERSION = YES;
				CLANG_WARN_DIRECT_OBJC_ISA_USAGE = YES_ERROR;
				CLANG_WARN_DOCUMENTATION_COMMENTS = YES;
				CLANG_WARN_EMPTY_BODY = YES;
				CLANG_WARN_ENUM_CONVERSION = YES;
				CLANG_WARN_INFINITE_RECURSION = YES;
				CLANG_WARN_INT_CONVERSION = YES;
				CLANG_WARN_OBJC_ROOT_CLASS = YES_ERROR;
				CLANG_WARN_SUSPICIOUS_MOVE = YES;
				CLANG_WARN_UNREACHABLE_CODE = YES;
				CLANG_WARN__DUPLICATE_METHOD_MATCH = YES;
				"CODE_SIGN_IDENTITY[sdk=iphoneos*]" = "iPhone Developer";
				COPY_PHASE_STRIP = NO;
				DEBUG_INFORMATION_FORMAT = dwarf;
				ENABLE_STRICT_OBJC_MSGSEND = YES;
				ENABLE_TESTABILITY = YES;
				GCC_C_LANGUAGE_STANDARD = gnu99;
				GCC_DYNAMIC_NO_PIC = NO;
				GCC_NO_COMMON_BLOCKS = YES;
				GCC_OPTIMIZATION_LEVEL = 0;
				GCC_PREPROCESSOR_DEFINITIONS = (
					"DEBUG=1",
					"$(inherited)",
				);
				GCC_WARN_64_TO_32_BIT_CONVERSION = YES;
				GCC_WARN_ABOUT_RETURN_TYPE = YES_ERROR;
				GCC_WARN_UNDECLARED_SELECTOR = YES;
				GCC_WARN_UNINITIALIZED_AUTOS = YES_AGGRESSIVE;
				GCC_WARN_UNUSED_FUNCTION = YES;
				GCC_WARN_UNUSED_VARIABLE = YES;
				IPHONEOS_DEPLOYMENT_TARGET = 10.2;
				MTL_ENABLE_DEBUG_INFO = YES;
				ONLY_ACTIVE_ARCH = YES;
				SDKROOT = iphoneos;
				SWIFT_ACTIVE_COMPILATION_CONDITIONS = DEBUG;
				SWIFT_OPTIMIZATION_LEVEL = "-Onone";
				TARGETED_DEVICE_FAMILY = "1,2";
			};
			name = Debug;
		};
		94AB2D7820115C930004AFC3 /* Release */ = {
			isa = XCBuildConfiguration;
			buildSettings = {
				ALWAYS_SEARCH_USER_PATHS = NO;
				CLANG_ANALYZER_NONNULL = YES;
				CLANG_CXX_LANGUAGE_STANDARD = "gnu++0x";
				CLANG_CXX_LIBRARY = "libc++";
				CLANG_ENABLE_MODULES = YES;
				CLANG_ENABLE_OBJC_ARC = YES;
				CLANG_WARN_BOOL_CONVERSION = YES;
				CLANG_WARN_CONSTANT_CONVERSION = YES;
				CLANG_WARN_DIRECT_OBJC_ISA_USAGE = YES_ERROR;
				CLANG_WARN_DOCUMENTATION_COMMENTS = YES;
				CLANG_WARN_EMPTY_BODY = YES;
				CLANG_WARN_ENUM_CONVERSION = YES;
				CLANG_WARN_INFINITE_RECURSION = YES;
				CLANG_WARN_INT_CONVERSION = YES;
				CLANG_WARN_OBJC_ROOT_CLASS = YES_ERROR;
				CLANG_WARN_SUSPICIOUS_MOVE = YES;
				CLANG_WARN_UNREACHABLE_CODE = YES;
				CLANG_WARN__DUPLICATE_METHOD_MATCH = YES;
				"CODE_SIGN_IDENTITY[sdk=iphoneos*]" = "iPhone Developer";
				COPY_PHASE_STRIP = NO;
				DEBUG_INFORMATION_FORMAT = "dwarf-with-dsym";
				ENABLE_NS_ASSERTIONS = NO;
				ENABLE_STRICT_OBJC_MSGSEND = YES;
				GCC_C_LANGUAGE_STANDARD = gnu99;
				GCC_NO_COMMON_BLOCKS = YES;
				GCC_WARN_64_TO_32_BIT_CONVERSION = YES;
				GCC_WARN_ABOUT_RETURN_TYPE = YES_ERROR;
				GCC_WARN_UNDECLARED_SELECTOR = YES;
				GCC_WARN_UNINITIALIZED_AUTOS = YES_AGGRESSIVE;
				GCC_WARN_UNUSED_FUNCTION = YES;
				GCC_WARN_UNUSED_VARIABLE = YES;
				IPHONEOS_DEPLOYMENT_TARGET = 10.2;
				MTL_ENABLE_DEBUG_INFO = NO;
				SDKROOT = iphoneos;
				SWIFT_OPTIMIZATION_LEVEL = "-Owholemodule";
				TARGETED_DEVICE_FAMILY = "1,2";
				VALIDATE_PRODUCT = YES;
			};
			name = Release;
		};
		94AB2D7A20115C930004AFC3 /* Debug */ = {
			isa = XCBuildConfiguration;
			buildSettings = {
				ASSETCATALOG_COMPILER_APPICON_NAME = AppIcon;
				DEVELOPMENT_TEAM = F3STVUX4CB;
				INFOPLIST_FILE = ParsingComplexJSON/Info.plist;
				LD_RUNPATH_SEARCH_PATHS = "$(inherited) @executable_path/Frameworks";
				PRODUCT_BUNDLE_IDENTIFIER = CHR.ParsingComplexJSON;
				PRODUCT_NAME = "$(TARGET_NAME)";
				SWIFT_VERSION = 3.0;
			};
			name = Debug;
		};
		94AB2D7B20115C930004AFC3 /* Release */ = {
			isa = XCBuildConfiguration;
			buildSettings = {
				ASSETCATALOG_COMPILER_APPICON_NAME = AppIcon;
				DEVELOPMENT_TEAM = F3STVUX4CB;
				INFOPLIST_FILE = ParsingComplexJSON/Info.plist;
				LD_RUNPATH_SEARCH_PATHS = "$(inherited) @executable_path/Frameworks";
				PRODUCT_BUNDLE_IDENTIFIER = CHR.ParsingComplexJSON;
				PRODUCT_NAME = "$(TARGET_NAME)";
				SWIFT_VERSION = 3.0;
			};
			name = Release;
		};
/* End XCBuildConfiguration section */

/* Begin XCConfigurationList section */
		94AB2D6220115C920004AFC3 /* Build configuration list for PBXProject "ParsingComplexJSON" */ = {
			isa = XCConfigurationList;
			buildConfigurations = (
				94AB2D7720115C930004AFC3 /* Debug */,
				94AB2D7820115C930004AFC3 /* Release */,
			);
			defaultConfigurationIsVisible = 0;
			defaultConfigurationName = Release;
		};
		94AB2D7920115C930004AFC3 /* Build configuration list for PBXNativeTarget "ParsingComplexJSON" */ = {
			isa = XCConfigurationList;
			buildConfigurations = (
				94AB2D7A20115C930004AFC3 /* Debug */,
				94AB2D7B20115C930004AFC3 /* Release */,
			);
			defaultConfigurationIsVisible = 0;
			defaultConfigurationName = Release;
		};
/* End XCConfigurationList section */
	};
	rootObject = 94AB2D5F20115C920004AFC3 /* Project object */;
}
